
Microsoft Visual Studio Solution File, Format Version 11.00
# Visual Studio 2010
Project("{FAE04EC0-301F-11D3-BF4B-00C04F79EFBC}") = "Assembly-CSharp", "Assembly-CSharp.csproj", "{CC0B0FE1-231B-872D-E788-CDF309A41501}"
EndProject
Global
	GlobalSection(SolutionConfigurationPlatforms) = preSolution
		Debug|Any CPU = Debug|Any CPU
		Release|Any CPU = Release|Any CPU
	EndGlobalSection
	GlobalSection(ProjectConfigurationPlatforms) = postSolution
		{CC0B0FE1-231B-872D-E788-CDF309A41501}.Debug|Any CPU.ActiveCfg = Debug|Any CPU
		{CC0B0FE1-231B-872D-E788-CDF309A41501}.Debug|Any CPU.Build.0 = Debug|Any CPU
		{CC0B0FE1-231B-872D-E788-CDF309A41501}.Release|Any CPU.ActiveCfg = Release|Any CPU
		{CC0B0FE1-231B-872D-E788-CDF309A41501}.Release|Any CPU.Build.0 = Release|Any CPU
	EndGlobalSection
	GlobalSection(SolutionProperties) = preSolution
		HideSolutionNode = FALSE
	EndGlobalSection
EndGlobal
